// !$*UTF8*$!
{
	archiveVersion = 1;
	classes = {
	};
	objectVersion = 46;
	objects = {

/* Begin PBXBuildFile section */
		065D8C3D1978C50000424340 /* AppDelegate.swift in Sources */ = {isa = PBXBuildFile; fileRef = 065D8C361978C50000424340 /* AppDelegate.swift */; };
		065D8C3F1978C50000424340 /* Images.xcassets in Resources */ = {isa = PBXBuildFile; fileRef = 065D8C391978C50000424340 /* Images.xcassets */; };
		065D8C411978C50000424340 /* ViewController.swift in Sources */ = {isa = PBXBuildFile; fileRef = 065D8C3C1978C50000424340 /* ViewController.swift */; };
		065D8C421978C5C800424340 /* Main.storyboard in Resources */ = {isa = PBXBuildFile; fileRef = 065D8C371978C50000424340 /* Main.storyboard */; };
		06978B7A1978C0790022A77B /* NSObject+Swift.m in Sources */ = {isa = PBXBuildFile; fileRef = 06978B791978C0790022A77B /* NSObject+Swift.m */; };
/* End PBXBuildFile section */

/* Begin PBXContainerItemProxy section */
		06978B671978B8C90022A77B /* PBXContainerItemProxy */ = {
			isa = PBXContainerItemProxy;
			containerPortal = 06978B4C1978B8C90022A77B /* Project object */;
			proxyType = 1;
			remoteGlobalIDString = 06978B531978B8C90022A77B;
			remoteInfo = "performSelector-swift";
		};
		06978B7C1978C4170022A77B /* PBXContainerItemProxy */ = {
			isa = PBXContainerItemProxy;
			containerPortal = 06978B4C1978B8C90022A77B /* Project object */;
			proxyType = 1;
			remoteGlobalIDString = 06978B531978B8C90022A77B;
			remoteInfo = "performSelector-swift";
		};
/* End PBXContainerItemProxy section */

/* Begin PBXFileReference section */
		065D8C361978C50000424340 /* AppDelegate.swift */ = {isa = PBXFileReference; fileEncoding = 4; lastKnownFileType = sourcecode.swift; path = AppDelegate.swift; sourceTree = "<group>"; };
		065D8C381978C50000424340 /* Base */ = {isa = PBXFileReference; lastKnownFileType = file.storyboard; name = Base; path = Base.lproj/Main.storyboard; sourceTree = "<group>"; };
		065D8C391978C50000424340 /* Images.xcassets */ = {isa = PBXFileReference; lastKnownFileType = folder.assetcatalog; path = Images.xcassets; sourceTree = "<group>"; };
		065D8C3A1978C50000424340 /* Info.plist */ = {isa = PBXFileReference; fileEncoding = 4; lastKnownFileType = text.plist.xml; path = Info.plist; sourceTree = "<group>"; };
		065D8C3B1978C50000424340 /* performSelector-swift-Bridging-Header.h */ = {isa = PBXFileReference; fileEncoding = 4; lastKnownFileType = sourcecode.c.h; path = "performSelector-swift-Bridging-Header.h"; sourceTree = "<group>"; };
		065D8C3C1978C50000424340 /* ViewController.swift */ = {isa = PBXFileReference; fileEncoding = 4; lastKnownFileType = sourcecode.swift; path = ViewController.swift; sourceTree = "<group>"; };
		065D8C431978C68900424340 /* performSelector-swift.h */ = {isa = PBXFileReference; fileEncoding = 4; lastKnownFileType = sourcecode.c.h; path = "performSelector-swift.h"; sourceTree = "<group>"; };
		06978B541978B8C90022A77B /* performSelector-swift.app */ = {isa = PBXFileReference; explicitFileType = wrapper.application; includeInIndex = 0; path = "performSelector-swift.app"; sourceTree = BUILT_PRODUCTS_DIR; };
		06978B661978B8C90022A77B /* performSelector-swiftTests.xctest */ = {isa = PBXFileReference; explicitFileType = wrapper.cfbundle; includeInIndex = 0; path = "performSelector-swiftTests.xctest"; sourceTree = BUILT_PRODUCTS_DIR; };
		06978B791978C0790022A77B /* NSObject+Swift.m */ = {isa = PBXFileReference; fileEncoding = 4; lastKnownFileType = sourcecode.c.objc; path = "NSObject+Swift.m"; sourceTree = "<group>"; };
		06978B7B1978C0A70022A77B /* NSObject+Swift.h */ = {isa = PBXFileReference; fileEncoding = 4; lastKnownFileType = sourcecode.c.h; path = "NSObject+Swift.h"; sourceTree = "<group>"; };
/* End PBXFileReference section */

/* Begin PBXFrameworksBuildPhase section */
		06978B511978B8C90022A77B /* Frameworks */ = {
			isa = PBXFrameworksBuildPhase;
			buildActionMask = 2147483647;
			files = (
			);
			runOnlyForDeploymentPostprocessing = 0;
		};
		06978B631978B8C90022A77B /* Frameworks */ = {
			isa = PBXFrameworksBuildPhase;
			buildActionMask = 2147483647;
			files = (
			);
			runOnlyForDeploymentPostprocessing = 0;
		};
/* End PBXFrameworksBuildPhase section */

/* Begin PBXGroup section */
		065D8C351978C50000424340 /* Example */ = {
			isa = PBXGroup;
			children = (
				065D8C361978C50000424340 /* AppDelegate.swift */,
				065D8C371978C50000424340 /* Main.storyboard */,
				065D8C391978C50000424340 /* Images.xcassets */,
				065D8C3A1978C50000424340 /* Info.plist */,
				065D8C3B1978C50000424340 /* performSelector-swift-Bridging-Header.h */,
				065D8C3C1978C50000424340 /* ViewController.swift */,
			);
			path = Example;
			sourceTree = "<group>";
		};
		06978B4B1978B8C90022A77B = {
			isa = PBXGroup;
			children = (
				065D8C351978C50000424340 /* Example */,
				06978B561978B8C90022A77B /* performSelector-swift */,
				06978B551978B8C90022A77B /* Products */,
			);
			sourceTree = "<group>";
		};
		06978B551978B8C90022A77B /* Products */ = {
			isa = PBXGroup;
			children = (
				06978B541978B8C90022A77B /* performSelector-swift.app */,
				06978B661978B8C90022A77B /* performSelector-swiftTests.xctest */,
			);
			name = Products;
			sourceTree = "<group>";
		};
		06978B561978B8C90022A77B /* performSelector-swift */ = {
			isa = PBXGroup;
			children = (
				065D8C431978C68900424340 /* performSelector-swift.h */,
				06978B791978C0790022A77B /* NSObject+Swift.m */,
				06978B7B1978C0A70022A77B /* NSObject+Swift.h */,
			);
			path = "performSelector-swift";
			sourceTree = "<group>";
		};
/* End PBXGroup section */

/* Begin PBXNativeTarget section */
		06978B531978B8C90022A77B /* performSelector-swift */ = {
			isa = PBXNativeTarget;
			buildConfigurationList = 06978B701978B8C90022A77B /* Build configuration list for PBXNativeTarget "performSelector-swift" */;
			buildPhases = (
				06978B501978B8C90022A77B /* Sources */,
				06978B511978B8C90022A77B /* Frameworks */,
				06978B521978B8C90022A77B /* Resources */,
			);
			buildRules = (
			);
			dependencies = (
			);
			name = "performSelector-swift";
			productName = "performSelector-swift";
			productReference = 06978B541978B8C90022A77B /* performSelector-swift.app */;
			productType = "com.apple.product-type.application";
		};
		06978B651978B8C90022A77B /* performSelector-swiftTests */ = {
			isa = PBXNativeTarget;
			buildConfigurationList = 06978B731978B8C90022A77B /* Build configuration list for PBXNativeTarget "performSelector-swiftTests" */;
			buildPhases = (
				06978B621978B8C90022A77B /* Sources */,
				06978B631978B8C90022A77B /* Frameworks */,
				06978B641978B8C90022A77B /* Resources */,
			);
			buildRules = (
			);
			dependencies = (
				06978B681978B8C90022A77B /* PBXTargetDependency */,
				06978B7D1978C4170022A77B /* PBXTargetDependency */,
			);
			name = "performSelector-swiftTests";
			productName = "performSelector-swiftTests";
			productReference = 06978B661978B8C90022A77B /* performSelector-swiftTests.xctest */;
			productType = "com.apple.product-type.bundle.unit-test";
		};
/* End PBXNativeTarget section */

/* Begin PBXProject section */
		06978B4C1978B8C90022A77B /* Project object */ = {
			isa = PBXProject;
			attributes = {
				LastUpgradeCheck = 0600;
				ORGANIZATIONNAME = tokoro;
				TargetAttributes = {
					06978B531978B8C90022A77B = {
						CreatedOnToolsVersion = 6.0;
					};
					06978B651978B8C90022A77B = {
						CreatedOnToolsVersion = 6.0;
						TestTargetID = 06978B531978B8C90022A77B;
					};
				};
			};
			buildConfigurationList = 06978B4F1978B8C90022A77B /* Build configuration list for PBXProject "performSelector-swift" */;
			compatibilityVersion = "Xcode 3.2";
			developmentRegion = English;
			hasScannedForEncodings = 0;
			knownRegions = (
				en,
				Base,
			);
			mainGroup = 06978B4B1978B8C90022A77B;
			productRefGroup = 06978B551978B8C90022A77B /* Products */;
			projectDirPath = "";
			projectRoot = "";
			targets = (
				06978B531978B8C90022A77B /* performSelector-swift */,
				06978B651978B8C90022A77B /* performSelector-swiftTests */,
			);
		};
/* End PBXProject section */

/* Begin PBXResourcesBuildPhase section */
		06978B521978B8C90022A77B /* Resources */ = {
			isa = PBXResourcesBuildPhase;
			buildActionMask = 2147483647;
			files = (
				065D8C421978C5C800424340 /* Main.storyboard in Resources */,
				065D8C3F1978C50000424340 /* Images.xcassets in Resources */,
			);
			runOnlyForDeploymentPostprocessing = 0;
		};
		06978B641978B8C90022A77B /* Resources */ = {
			isa = PBXResourcesBuildPhase;
			buildActionMask = 2147483647;
			files = (
			);
			runOnlyForDeploymentPostprocessing = 0;
		};
/* End PBXResourcesBuildPhase section */

/* Begin PBXSourcesBuildPhase section */
		06978B501978B8C90022A77B /* Sources */ = {
			isa = PBXSourcesBuildPhase;
			buildActionMask = 2147483647;
			files = (
				065D8C411978C50000424340 /* ViewController.swift in Sources */,
				065D8C3D1978C50000424340 /* AppDelegate.swift in Sources */,
				06978B7A1978C0790022A77B /* NSObject+Swift.m in Sources */,
			);
			runOnlyForDeploymentPostprocessing = 0;
		};
		06978B621978B8C90022A77B /* Sources */ = {
			isa = PBXSourcesBuildPhase;
			buildActionMask = 2147483647;
			files = (
			);
			runOnlyForDeploymentPostprocessing = 0;
		};
/* End PBXSourcesBuildPhase section */

/* Begin PBXTargetDependency section */
		06978B681978B8C90022A77B /* PBXTargetDependency */ = {
			isa = PBXTargetDependency;
			target = 06978B531978B8C90022A77B /* performSelector-swift */;
			targetProxy = 06978B671978B8C90022A77B /* PBXContainerItemProxy */;
		};
		06978B7D1978C4170022A77B /* PBXTargetDependency */ = {
			isa = PBXTargetDependency;
			target = 06978B531978B8C90022A77B /* performSelector-swift */;
			targetProxy = 06978B7C1978C4170022A77B /* PBXContainerItemProxy */;
		};
/* End PBXTargetDependency section */

/* Begin PBXVariantGroup section */
		065D8C371978C50000424340 /* Main.storyboard */ = {
			isa = PBXVariantGroup;
			children = (
				065D8C381978C50000424340 /* Base */,
			);
			name = Main.storyboard;
			sourceTree = "<group>";
		};
/* End PBXVariantGroup section */

/* Begin XCBuildConfiguration section */
		06978B6E1978B8C90022A77B /* Debug */ = {
			isa = XCBuildConfiguration;
			buildSettings = {
				ALWAYS_SEARCH_USER_PATHS = NO;
				CLANG_CXX_LANGUAGE_STANDARD = "gnu++0x";
				CLANG_CXX_LIBRARY = "libc++";
				CLANG_ENABLE_MODULES = YES;
				CLANG_ENABLE_OBJC_ARC = YES;
				CLANG_WARN_BOOL_CONVERSION = YES;
				CLANG_WARN_CONSTANT_CONVERSION = YES;
				CLANG_WARN_DIRECT_OBJC_ISA_USAGE = YES_ERROR;
				CLANG_WARN_EMPTY_BODY = YES;
				CLANG_WARN_ENUM_CONVERSION = YES;
				CLANG_WARN_INT_CONVERSION = YES;
				CLANG_WARN_OBJC_ROOT_CLASS = YES_ERROR;
				CLANG_WARN_UNREACHABLE_CODE = YES;
				CLANG_WARN__DUPLICATE_METHOD_MATCH = YES;
				"CODE_SIGN_IDENTITY[sdk=iphoneos*]" = "iPhone Developer";
				COPY_PHASE_STRIP = NO;
				ENABLE_STRICT_OBJC_MSGSEND = YES;
				GCC_C_LANGUAGE_STANDARD = gnu99;
				GCC_DYNAMIC_NO_PIC = NO;
				GCC_OPTIMIZATION_LEVEL = 0;
				GCC_PREPROCESSOR_DEFINITIONS = (
					"DEBUG=1",
					"$(inherited)",
				);
				GCC_SYMBOLS_PRIVATE_EXTERN = NO;
				GCC_WARN_64_TO_32_BIT_CONVERSION = YES;
				GCC_WARN_ABOUT_RETURN_TYPE = YES_ERROR;
				GCC_WARN_UNDECLARED_SELECTOR = YES;
				GCC_WARN_UNINITIALIZED_AUTOS = YES_AGGRESSIVE;
				GCC_WARN_UNUSED_FUNCTION = YES;
				GCC_WARN_UNUSED_VARIABLE = YES;
				IPHONEOS_DEPLOYMENT_TARGET = 8.0;
				MTL_ENABLE_DEBUG_INFO = YES;
				ONLY_ACTIVE_ARCH = YES;
				SDKROOT = iphoneos;
				SWIFT_OPTIMIZATION_LEVEL = "-Onone";
			};
			name = Debug;
		};
		06978B6F1978B8C90022A77B /* Release */ = {
			isa = XCBuildConfiguration;
			buildSettings = {
				ALWAYS_SEARCH_USER_PATHS = NO;
				CLANG_CXX_LANGUAGE_STANDARD = "gnu++0x";
				CLANG_CXX_LIBRARY = "libc++";
				CLANG_ENABLE_MODULES = YES;
				CLANG_ENABLE_OBJC_ARC = YES;
				CLANG_WARN_BOOL_CONVERSION = YES;
				CLANG_WARN_CONSTANT_CONVERSION = YES;
				CLANG_WARN_DIRECT_OBJC_ISA_USAGE = YES_ERROR;
				CLANG_WARN_EMPTY_BODY = YES;
				CLANG_WARN_ENUM_CONVERSION = YES;
				CLANG_WARN_INT_CONVERSION = YES;
				CLANG_WARN_OBJC_ROOT_CLASS = YES_ERROR;
				CLANG_WARN_UNREACHABLE_CODE = YES;
				CLANG_WARN__DUPLICATE_METHOD_MATCH = YES;
				"CODE_SIGN_IDENTITY[sdk=iphoneos*]" = "iPhone Developer";
				COPY_PHASE_STRIP = YES;
				ENABLE_NS_ASSERTIONS = NO;
				ENABLE_STRICT_OBJC_MSGSEND = YES;
				GCC_C_LANGUAGE_STANDARD = gnu99;
				GCC_WARN_64_TO_32_BIT_CONVERSION = YES;
				GCC_WARN_ABOUT_RETURN_TYPE = YES_ERROR;
				GCC_WARN_UNDECLARED_SELECTOR = YES;
				GCC_WARN_UNINITIALIZED_AUTOS = YES_AGGRESSIVE;
				GCC_WARN_UNUSED_FUNCTION = YES;
				GCC_WARN_UNUSED_VARIABLE = YES;
				IPHONEOS_DEPLOYMENT_TARGET = 8.0;
				MTL_ENABLE_DEBUG_INFO = NO;
				SDKROOT = iphoneos;
				VALIDATE_PRODUCT = YES;
			};
			name = Release;
		};
		06978B711978B8C90022A77B /* Debug */ = {
			isa = XCBuildConfiguration;
			buildSettings = {
				ASSETCATALOG_COMPILER_APPICON_NAME = AppIcon;
				ASSETCATALOG_COMPILER_LAUNCHIMAGE_NAME = LaunchImage;
				CLANG_ENABLE_MODULES = YES;
				INFOPLIST_FILE = Example/Info.plist;
				LD_RUNPATH_SEARCH_PATHS = "$(inherited) @executable_path/Frameworks";
				PRODUCT_NAME = "$(TARGET_NAME)";
				SWIFT_OBJC_BRIDGING_HEADER = "Example/performSelector-swift-Bridging-Header.h";
				SWIFT_OPTIMIZATION_LEVEL = "-Onone";
			};
			name = Debug;
		};
		06978B721978B8C90022A77B /* Release */ = {
			isa = XCBuildConfiguration;
			buildSettings = {
				ASSETCATALOG_COMPILER_APPICON_NAME = AppIcon;
				ASSETCATALOG_COMPILER_LAUNCHIMAGE_NAME = LaunchImage;
				CLANG_ENABLE_MODULES = YES;
				INFOPLIST_FILE = Example/Info.plist;
				LD_RUNPATH_SEARCH_PATHS = "$(inherited) @executable_path/Frameworks";
				PRODUCT_NAME = "$(TARGET_NAME)";
				SWIFT_OBJC_BRIDGING_HEADER = "Example/performSelector-swift-Bridging-Header.h";
			};
			name = Release;
		};
		06978B741978B8C90022A77B /* Debug */ = {
			isa = XCBuildConfiguration;
			buildSettings = {
				BUNDLE_LOADER = "$(BUILT_PRODUCTS_DIR)/performSelector-swift.app/performSelector-swift";
				FRAMEWORK_SEARCH_PATHS = (
					"$(SDKROOT)/Developer/Library/Frameworks",
					"$(inherited)",
				);
				GCC_PREPROCESSOR_DEFINITIONS = (
					"DEBUG=1",
					"$(inherited)",
				);
				INFOPLIST_FILE = "performSelector-swiftTests/Info.plist";
				LD_RUNPATH_SEARCH_PATHS = "$(inherited) @executable_path/Frameworks @loader_path/Frameworks";
				PRODUCT_NAME = "$(TARGET_NAME)";
				TEST_HOST = "$(BUNDLE_LOADER)";
			};
			name = Debug;
		};
		06978B751978B8C90022A77B /* Release */ = {
			isa = XCBuildConfiguration;
			buildSettings = {
				BUNDLE_LOADER = "$(BUILT_PRODUCTS_DIR)/performSelector-swift.app/performSelector-swift";
				FRAMEWORK_SEARCH_PATHS = (
					"$(SDKROOT)/Developer/Library/Frameworks",
					"$(inherited)",
				);
				INFOPLIST_FILE = "performSelector-swiftTests/Info.plist";
				LD_RUNPATH_SEARCH_PATHS = "$(inherited) @executable_path/Frameworks @loader_path/Frameworks";
				PRODUCT_NAME = "$(TARGET_NAME)";
				TEST_HOST = "$(BUNDLE_LOADER)";
			};
			name = Release;
		};
/* End XCBuildConfiguration section */

/* Begin XCConfigurationList section */
		06978B4F1978B8C90022A77B /* Build configuration list for PBXProject "performSelector-swift" */ = {
			isa = XCConfigurationList;
			buildConfigurations = (
				06978B6E1978B8C90022A77B /* Debug */,
				06978B6F1978B8C90022A77B /* Release */,
			);
			defaultConfigurationIsVisible = 0;
			defaultConfigurationName = Release;
		};
		06978B701978B8C90022A77B /* Build configuration list for PBXNativeTarget "performSelector-swift" */ = {
			isa = XCConfigurationList;
			buildConfigurations = (
				06978B711978B8C90022A77B /* Debug */,
				06978B721978B8C90022A77B /* Release */,
			);
			defaultConfigurationIsVisible = 0;
			defaultConfigurationName = Release;
		};
		06978B731978B8C90022A77B /* Build configuration list for PBXNativeTarget "performSelector-swiftTests" */ = {
			isa = XCConfigurationList;
			buildConfigurations = (
				06978B741978B8C90022A77B /* Debug */,
				06978B751978B8C90022A77B /* Release */,
			);
			defaultConfigurationIsVisible = 0;
			defaultConfigurationName = Release;
		};
/* End XCConfigurationList section */
	};
	rootObject = 06978B4C1978B8C90022A77B /* Project object */;
}
